
Microsoft Visual Studio Solution File, Format Version 12.00
# Visual Studio Version 17
VisualStudioVersion = 17.4.33213.308
MinimumVisualStudioVersion = 10.0.40219.1
Project("{FAE04EC0-301F-11D3-BF4B-00C04F79EFBC}") = "Mitsubishi_PLC_test", "Mitsubishi_PLC_test\Mitsubishi_PLC_test.csproj", "{D131CFA3-8B2B-4B82-B15B-03C842EC151E}"
EndProject
Global
	GlobalSection(SolutionConfigurationPlatforms) = preSolution
		Debug|Any CPU = Debug|Any CPU
		Release|Any CPU = Release|Any CPU
	EndGlobalSection
	GlobalSection(ProjectConfigurationPlatforms) = postSolution
		{D131CFA3-8B2B-4B82-B15B-03C842EC151E}.Debug|Any CPU.ActiveCfg = Debug|Any CPU
		{D131CFA3-8B2B-4B82-B15B-03C842EC151E}.Debug|Any CPU.Build.0 = Debug|Any CPU
		{D131CFA3-8B2B-4B82-B15B-03C842EC151E}.Release|Any CPU.ActiveCfg = Release|Any CPU
		{D131CFA3-8B2B-4B82-B15B-03C842EC151E}.Release|Any CPU.Build.0 = Release|Any CPU
	EndGlobalSection
	GlobalSection(SolutionProperties) = preSolution
		HideSolutionNode = FALSE
	EndGlobalSection
	GlobalSection(ExtensibilityGlobals) = postSolution
		SolutionGuid = {EB50DDCF-5DBD-425C-A44C-621A79F63980}
	EndGlobalSection
EndGlobal
